
Microsoft Visual Studio Solution File, Format Version 12.00
# Visual Studio Version 16
VisualStudioVersion = 16.0.29911.84
MinimumVisualStudioVersion = 10.0.40219.1
Project("{FAE04EC0-301F-11D3-BF4B-00C04F79EFBC}") = "EXPLICIT INTERFACE IMPLEMENT", "EXPLICIT INTERFACE IMPLEMENT\EXPLICIT INTERFACE IMPLEMENT.csproj", "{32FFAFBB-23D6-4D9C-83CB-B23462731A74}"
EndProject
Global
	GlobalSection(SolutionConfigurationPlatforms) = preSolution
		Debug|Any CPU = Debug|Any CPU
		Release|Any CPU = Release|Any CPU
	EndGlobalSection
	GlobalSection(ProjectConfigurationPlatforms) = postSolution
		{32FFAFBB-23D6-4D9C-83CB-B23462731A74}.Debug|Any CPU.ActiveCfg = Debug|Any CPU
		{32FFAFBB-23D6-4D9C-83CB-B23462731A74}.Debug|Any CPU.Build.0 = Debug|Any CPU
		{32FFAFBB-23D6-4D9C-83CB-B23462731A74}.Release|Any CPU.ActiveCfg = Release|Any CPU
		{32FFAFBB-23D6-4D9C-83CB-B23462731A74}.Release|Any CPU.Build.0 = Release|Any CPU
	EndGlobalSection
	GlobalSection(SolutionProperties) = preSolution
		HideSolutionNode = FALSE
	EndGlobalSection
	GlobalSection(ExtensibilityGlobals) = postSolution
		SolutionGuid = {5751D665-C7BA-46F1-A514-0BFFCA4F18AF}
	EndGlobalSection
EndGlobal
